
Microsoft Visual Studio Solution File, Format Version 12.00
# Visual Studio Version 16
VisualStudioVersion = 16.0.30320.27
MinimumVisualStudioVersion = 10.0.40219.1
Project("{9A19103F-16F7-4668-BE54-9A1E7A4F7556}") = "MongrationDotNet", "MongrationDotNet\MongrationDotNet.csproj", "{0D2816A5-14E7-4122-8D56-3BB2433B9C0A}"
EndProject
Project("{FAE04EC0-301F-11D3-BF4B-00C04F79EFBC}") = "MongrationDotNet.Tests", "MongrationDotNet.Tests\MongrationDotNet.Tests.csproj", "{65F2FAAD-8D15-49D8-9A85-34D4EF728261}"
EndProject
Global
	GlobalSection(SolutionConfigurationPlatforms) = preSolution
		Debug|Any CPU = Debug|Any CPU
		Release|Any CPU = Release|Any CPU
	EndGlobalSection
	GlobalSection(ProjectConfigurationPlatforms) = postSolution
		{0D2816A5-14E7-4122-8D56-3BB2433B9C0A}.Debug|Any CPU.ActiveCfg = Debug|Any CPU
		{0D2816A5-14E7-4122-8D56-3BB2433B9C0A}.Debug|Any CPU.Build.0 = Debug|Any CPU
		{0D2816A5-14E7-4122-8D56-3BB2433B9C0A}.Release|Any CPU.ActiveCfg = Release|Any CPU
		{0D2816A5-14E7-4122-8D56-3BB2433B9C0A}.Release|Any CPU.Build.0 = Release|Any CPU
		{65F2FAAD-8D15-49D8-9A85-34D4EF728261}.Debug|Any CPU.ActiveCfg = Debug|Any CPU
		{65F2FAAD-8D15-49D8-9A85-34D4EF728261}.Debug|Any CPU.Build.0 = Debug|Any CPU
		{65F2FAAD-8D15-49D8-9A85-34D4EF728261}.Release|Any CPU.ActiveCfg = Release|Any CPU
		{65F2FAAD-8D15-49D8-9A85-34D4EF728261}.Release|Any CPU.Build.0 = Release|Any CPU
	EndGlobalSection
	GlobalSection(SolutionProperties) = preSolution
		HideSolutionNode = FALSE
	EndGlobalSection
	GlobalSection(ExtensibilityGlobals) = postSolution
		SolutionGuid = {7943A3FF-959D-42D0-A0EF-A64DD72577B5}
	EndGlobalSection
EndGlobal
